
Microsoft Visual Studio Solution File, Format Version 12.00
# Visual Studio Version 17
VisualStudioVersion = 17.10.35013.160
MinimumVisualStudioVersion = 10.0.40219.1
Project("{FAE04EC0-301F-11D3-BF4B-00C04F79EFBC}") = "BlazorTests", "BlazorTests\BlazorTests.csproj", "{243225A7-1AFA-494E-AEEB-A445F0866469}"
EndProject
Global
	GlobalSection(SolutionConfigurationPlatforms) = preSolution
		Debug|Any CPU = Debug|Any CPU
		Release|Any CPU = Release|Any CPU
	EndGlobalSection
	GlobalSection(ProjectConfigurationPlatforms) = postSolution
		{243225A7-1AFA-494E-AEEB-A445F0866469}.Debug|Any CPU.ActiveCfg = Debug|Any CPU
		{243225A7-1AFA-494E-AEEB-A445F0866469}.Debug|Any CPU.Build.0 = Debug|Any CPU
		{243225A7-1AFA-494E-AEEB-A445F0866469}.Release|Any CPU.ActiveCfg = Release|Any CPU
		{243225A7-1AFA-494E-AEEB-A445F0866469}.Release|Any CPU.Build.0 = Release|Any CPU
	EndGlobalSection
	GlobalSection(SolutionProperties) = preSolution
		HideSolutionNode = FALSE
	EndGlobalSection
	GlobalSection(ExtensibilityGlobals) = postSolution
		SolutionGuid = {BDEA5A88-E336-416B-953F-9ADF7FB6A488}
	EndGlobalSection
EndGlobal
